
Microsoft Visual Studio Solution File, Format Version 12.00
# Visual Studio Version 16
VisualStudioVersion = 16.0.33214.272
MinimumVisualStudioVersion = 10.0.40219.1
Project("{FAE04EC0-301F-11D3-BF4B-00C04F79EFBC}") = "School_Management_System", "School_Management_System\School_Management_System.csproj", "{44EC50FF-79A6-4CF3-91EE-A9F795E0D808}"
EndProject
Global
	GlobalSection(SolutionConfigurationPlatforms) = preSolution
		Debug|Any CPU = Debug|Any CPU
		Release|Any CPU = Release|Any CPU
	EndGlobalSection
	GlobalSection(ProjectConfigurationPlatforms) = postSolution
		{44EC50FF-79A6-4CF3-91EE-A9F795E0D808}.Debug|Any CPU.ActiveCfg = Debug|Any CPU
		{44EC50FF-79A6-4CF3-91EE-A9F795E0D808}.Debug|Any CPU.Build.0 = Debug|Any CPU
		{44EC50FF-79A6-4CF3-91EE-A9F795E0D808}.Release|Any CPU.ActiveCfg = Release|Any CPU
		{44EC50FF-79A6-4CF3-91EE-A9F795E0D808}.Release|Any CPU.Build.0 = Release|Any CPU
	EndGlobalSection
	GlobalSection(SolutionProperties) = preSolution
		HideSolutionNode = FALSE
	EndGlobalSection
	GlobalSection(ExtensibilityGlobals) = postSolution
		SolutionGuid = {EF80C48E-C977-4974-B67F-02D965E52EF8}
	EndGlobalSection
EndGlobal
